<?xml version="1.0" encoding="utf-8"?>
<Project ToolsVersion="4.0" xmlns="http://schemas.microsoft.com/developer/msbuild/2003">
  <ItemGroup>
    <Filter Include="Source Files">
      <UniqueIdentifier>{4FC737F1-C7A5-4376-A066-2A32D752A2FF}</UniqueIdentifier>
      <Extensions>cpp;c;cc;cxx;c++;cppm;ixx;def;odl;idl;hpj;bat;asm;asmx</Extensions>
    </Filter>
    <Filter Include="Header Files">
      <UniqueIdentifier>{93995380-89BD-4b04-88EB-625FBE52EBFB}</UniqueIdentifier>
      <Extensions>h;hh;hpp;hxx;h++;hm;inl;inc;ipp;xsd</Extensions>
    </Filter>
    <Filter Include="Header Files\Resource Files">
      <UniqueIdentifier>{67DA6AB6-F800-4c08-8B7A-83BB121AAD01}</UniqueIdentifier>
      <Extensions>rc;ico;cur;bmp;dlg;rc2;rct;bin;rgs;gif;jpg;jpeg;jpe;resx;tiff;tif;png;wav;mfcribbon-ms</Extensions>
    </Filter>
  </ItemGroup>
  <ItemGroup>
    <ClCompile Include="Source.cpp">
      <Filter>Source Files</Filter>
    </ClCompile>
    <ClCompile Include="map.cpp">
      <Filter>Source Files</Filter>
    </ClCompile>
    <ClCompile Include="path.cpp">
      <Filter>Source Files</Filter>
    </ClCompile>
    <ClCompile Include="ConstructionMenu.cpp">
      <Filter>Source Files</Filter>
    </ClCompile>
    <ClCompile Include="tower.cpp">
      <Filter>Source Files</Filter>
    </ClCompile>
    <ClCompile Include="GameManager.cpp">
      <Filter>Source Files</Filter>
    </ClCompile>
    <ClCompile Include="TextureManager.cpp">
      <Filter>Source Files</Filter>
    </ClCompile>
    <ClCompile Include="Enemy.cpp">
      <Filter>Source Files</Filter>
    </ClCompile>
    <ClCompile Include="basicTower.cpp">
      <Filter>Source Files</Filter>
    </ClCompile>
    <ClCompile Include="magicTower.cpp">
      <Filter>Source Files</Filter>
    </ClCompile>
    <ClCompile Include="arrowTower.cpp">
      <Filter>Source Files</Filter>
    </ClCompile>
    <ClCompile Include="Bullet.cpp">
      <Filter>Source Files</Filter>
    </ClCompile>
    <ClCompile Include="DisplayMenu.cpp">
      <Filter>Source Files</Filter>
    </ClCompile>
    <ClCompile Include="Button.cpp">
      <Filter>Source Files</Filter>
    </ClCompile>
    <ClCompile Include="LevelManager.cpp">
      <Filter>Source Files</Filter>
    </ClCompile>
    <ClCompile Include="Minotaur.cpp">
      <Filter>Source Files</Filter>
    </ClCompile>
    <ClCompile Include="BlueMinotaur.cpp">
      <Filter>Source Files</Filter>
    </ClCompile>
    <ClCompile Include="Wraith.cpp">
      <Filter>Source Files</Filter>
    </ClCompile>
    <ClCompile Include="Troll.cpp">
      <Filter>Source Files</Filter>
    </ClCompile>
    <ClCompile Include="GameState.cpp">
      <Filter>Source Files</Filter>
    </ClCompile>
    <ClCompile Include="MenuState.cpp">
      <Filter>Source Files</Filter>
    </ClCompile>
    <ClCompile Include="State.cpp">
      <Filter>Source Files</Filter>
    </ClCompile>
    <ClCompile Include="GameOverState.cpp">
      <Filter>Source Files</Filter>
    </ClCompile>
    <ClCompile Include="Spell.cpp">
      <Filter>Source Files</Filter>
    </ClCompile>
    <ClCompile Include="IceBullet.cpp">
      <Filter>Source Files</Filter>
    </ClCompile>
    <ClCompile Include="ArrowBullet.cpp">
      <Filter>Source Files</Filter>
    </ClCompile>
    <ClCompile Include="MagicBullet.cpp">
      <Filter>Source Files</Filter>
    </ClCompile>
    <ClCompile Include="FireBullet.cpp">
      <Filter>Source Files</Filter>
    </ClCompile>
    <ClCompile Include="MudBullet.cpp">
      <Filter>Source Files</Filter>
    </ClCompile>
    <ClCompile Include="PoisonBullet.cpp">
      <Filter>Source Files</Filter>
    </ClCompile>
    <ClCompile Include="IceTower.cpp">
      <Filter>Source Files</Filter>
    </ClCompile>
    <ClCompile Include="poisonTower.cpp">
      <Filter>Source Files</Filter>
    </ClCompile>
    <ClCompile Include="HealthBar.cpp">
      <Filter>Source Files</Filter>
    </ClCompile>
    <ClCompile Include="WizardTower.cpp">
      <Filter>Source Files</Filter>
    </ClCompile>
    <ClCompile Include="Tile.cpp">
      <Filter>Source Files</Filter>
    </ClCompile>
    <ClCompile Include="MortarTower.cpp">
      <Filter>Source Files</Filter>
    </ClCompile>
    <ClCompile Include="WindBullet.cpp">
      <Filter>Source Files</Filter>
    </ClCompile>
    <ClCompile Include="MapSelectionState.cpp">
      <Filter>Source Files</Filter>
    </ClCompile>
    <ClCompile Include="DamageEffect.cpp">
      <Filter>Source Files</Filter>
    </ClCompile>
    <ClCompile Include="ToolTip.cpp">
      <Filter>Source Files</Filter>
    </ClCompile>
    <ClCompile Include="Particle.cpp">
      <Filter>Source Files</Filter>
    </ClCompile>
    <ClCompile Include="CountDown.cpp">
      <Filter>Source Files</Filter>
    </ClCompile>
    <ClCompile Include="Foilage.cpp">
      <Filter>Source Files</Filter>
    </ClCompile>
    <ClCompile Include="HelpState.cpp">
      <Filter>Source Files</Filter>
    </ClCompile>
    <ClCompile Include="SkillSystem.cpp">
      <Filter>Source Files</Filter>
    </ClCompile>
    <ClCompile Include="SkillState.cpp">
      <Filter>Source Files</Filter>
    </ClCompile>
    <ClCompile Include="ScoreState.cpp">
      <Filter>Source Files</Filter>
    </ClCompile>
  </ItemGroup>
  <ItemGroup>
    <ClInclude Include="map.h">
      <Filter>Header Files</Filter>
    </ClInclude>
    <ClInclude Include="path.h">
      <Filter>Header Files</Filter>
    </ClInclude>
    <ClInclude Include="ConstructionMenu.h">
      <Filter>Header Files</Filter>
    </ClInclude>
    <ClInclude Include="tower.h">
      <Filter>Header Files</Filter>
    </ClInclude>
    <ClInclude Include="GameManager.h">
      <Filter>Header Files</Filter>
    </ClInclude>
    <ClInclude Include="TextureManager.h">
      <Filter>Header Files</Filter>
    </ClInclude>
    <ClInclude Include="Enemy.h">
      <Filter>Header Files</Filter>
    </ClInclude>
    <ClInclude Include="basicTower.h">
      <Filter>Header Files</Filter>
    </ClInclude>
    <ClInclude Include="magicTower.h">
      <Filter>Header Files</Filter>
    </ClInclude>
    <ClInclude Include="arrowTower.h">
      <Filter>Header Files</Filter>
    </ClInclude>
    <ClInclude Include="Bullet.h">
      <Filter>Header Files</Filter>
    </ClInclude>
    <ClInclude Include="DisplayMenu.h">
      <Filter>Header Files</Filter>
    </ClInclude>
    <ClInclude Include="button.h">
      <Filter>Header Files</Filter>
    </ClInclude>
    <ClInclude Include="LevelManager.h">
      <Filter>Header Files</Filter>
    </ClInclude>
    <ClInclude Include="Minotaur.h">
      <Filter>Header Files</Filter>
    </ClInclude>
    <ClInclude Include="BlueMinotaur.h">
      <Filter>Header Files</Filter>
    </ClInclude>
    <ClInclude Include="Wraith.h">
      <Filter>Header Files</Filter>
    </ClInclude>
    <ClInclude Include="Troll.h">
      <Filter>Header Files</Filter>
    </ClInclude>
    <ClInclude Include="GameState.h">
      <Filter>Header Files</Filter>
    </ClInclude>
    <ClInclude Include="MenuState.h">
      <Filter>Header Files</Filter>
    </ClInclude>
    <ClInclude Include="State.h">
      <Filter>Header Files</Filter>
    </ClInclude>
    <ClInclude Include="States.h">
      <Filter>Header Files</Filter>
    </ClInclude>
    <ClInclude Include="GameOverState.h">
      <Filter>Header Files</Filter>
    </ClInclude>
    <ClInclude Include="Spell.h">
      <Filter>Header Files</Filter>
    </ClInclude>
    <ClInclude Include="IceBullet.h">
      <Filter>Header Files</Filter>
    </ClInclude>
    <ClInclude Include="ArrowBullet.h">
      <Filter>Header Files</Filter>
    </ClInclude>
    <ClInclude Include="MagicBullet.h">
      <Filter>Header Files</Filter>
    </ClInclude>
    <ClInclude Include="FireBullet.h">
      <Filter>Header Files</Filter>
    </ClInclude>
    <ClInclude Include="PoisonBullet.h">
      <Filter>Header Files</Filter>
    </ClInclude>
    <ClInclude Include="MudBullet.h">
      <Filter>Header Files</Filter>
    </ClInclude>
    <ClInclude Include="IceTower.h">
      <Filter>Header Files</Filter>
    </ClInclude>
    <ClInclude Include="poisonTower.h">
      <Filter>Header Files</Filter>
    </ClInclude>
    <ClInclude Include="HealthBar.h">
      <Filter>Header Files</Filter>
    </ClInclude>
    <ClInclude Include="WizardTower.h">
      <Filter>Header Files</Filter>
    </ClInclude>
    <ClInclude Include="Tile.h">
      <Filter>Header Files</Filter>
    </ClInclude>
    <ClInclude Include="MortarTower.h">
      <Filter>Header Files</Filter>
    </ClInclude>
    <ClInclude Include="WindBullet.h">
      <Filter>Header Files</Filter>
    </ClInclude>
    <ClInclude Include="MapSelectionState.h">
      <Filter>Header Files</Filter>
    </ClInclude>
    <ClInclude Include="DamageEffect.h">
      <Filter>Header Files</Filter>
    </ClInclude>
    <ClInclude Include="ToolTip.h">
      <Filter>Header Files</Filter>
    </ClInclude>
    <ClInclude Include="Particle.h">
      <Filter>Header Files</Filter>
    </ClInclude>
    <ClInclude Include="CountDown.h">
      <Filter>Header Files</Filter>
    </ClInclude>
    <ClInclude Include="Foilage.h">
      <Filter>Header Files</Filter>
    </ClInclude>
    <ClInclude Include="HelpState.h">
      <Filter>Header Files</Filter>
    </ClInclude>
    <ClInclude Include="SkillSystem.h">
      <Filter>Header Files</Filter>
    </ClInclude>
    <ClInclude Include="SkillState.h">
      <Filter>Header Files</Filter>
    </ClInclude>
    <ClInclude Include="ScoreState.h">
      <Filter>Header Files</Filter>
    </ClInclude>
  </ItemGroup>
</Project>